
Microsoft Visual Studio Solution File, Format Version 12.00
# Visual Studio Version 16
VisualStudioVersion = 16.0.29519.181
MinimumVisualStudioVersion = 10.0.40219.1
Project("{FAE04EC0-301F-11D3-BF4B-00C04F79EFBC}") = "TCPServer", "TCPServer\TCPServer.csproj", "{4FBE07A3-09C5-4AAE-80DA-6BBF687897AE}"
EndProject
Global
	GlobalSection(SolutionConfigurationPlatforms) = preSolution
		Debug|Any CPU = Debug|Any CPU
		Release|Any CPU = Release|Any CPU
	EndGlobalSection
	GlobalSection(ProjectConfigurationPlatforms) = postSolution
		{4FBE07A3-09C5-4AAE-80DA-6BBF687897AE}.Debug|Any CPU.ActiveCfg = Debug|Any CPU
		{4FBE07A3-09C5-4AAE-80DA-6BBF687897AE}.Debug|Any CPU.Build.0 = Debug|Any CPU
		{4FBE07A3-09C5-4AAE-80DA-6BBF687897AE}.Release|Any CPU.ActiveCfg = Release|Any CPU
		{4FBE07A3-09C5-4AAE-80DA-6BBF687897AE}.Release|Any CPU.Build.0 = Release|Any CPU
	EndGlobalSection
	GlobalSection(SolutionProperties) = preSolution
		HideSolutionNode = FALSE
	EndGlobalSection
	GlobalSection(ExtensibilityGlobals) = postSolution
		SolutionGuid = {AAC3F5D0-E38D-4774-AE5A-9970C19D80B4}
	EndGlobalSection
EndGlobal
